// !$*UTF8*$!
{
	archiveVersion = 1;
	classes = {
	};
	objectVersion = 46;
	objects = {

/* Begin PBXBuildFile section */
		94AAD2E015E3643D0050C2EB /* wu_collage_advanced.cpp in Sources */ = {isa = PBXBuildFile; fileRef = 94AAD2DE15E3643D0050C2EB /* wu_collage_advanced.cpp */; };
		94B71F8615E251AF0024DA5C /* main.cpp in Sources */ = {isa = PBXBuildFile; fileRef = 94B71F8515E251AF0024DA5C /* main.cpp */; };
		94B71F8815E251AF0024DA5C /* wu_collage_professional.1 in CopyFiles */ = {isa = PBXBuildFile; fileRef = 94B71F8715E251AF0024DA5C /* wu_collage_professional.1 */; };
		94B71F9015E251D50024DA5C /* wu_collage_professional.cpp in Sources */ = {isa = PBXBuildFile; fileRef = 94B71F8E15E251D50024DA5C /* wu_collage_professional.cpp */; };
/* End PBXBuildFile section */

/* Begin PBXCopyFilesBuildPhase section */
		94B71F7F15E251AF0024DA5C /* CopyFiles */ = {
			isa = PBXCopyFilesBuildPhase;
			buildActionMask = 2147483647;
			dstPath = /usr/share/man/man1/;
			dstSubfolderSpec = 0;
			files = (
				94B71F8815E251AF0024DA5C /* wu_collage_professional.1 in CopyFiles */,
			);
			runOnlyForDeploymentPostprocessing = 1;
		};
/* End PBXCopyFilesBuildPhase section */

/* Begin PBXFileReference section */
		94AAD2DE15E3643D0050C2EB /* wu_collage_advanced.cpp */ = {isa = PBXFileReference; fileEncoding = 4; lastKnownFileType = sourcecode.cpp.cpp; path = wu_collage_advanced.cpp; sourceTree = "<group>"; };
		94AAD2DF15E3643D0050C2EB /* wu_collage_advanced.h */ = {isa = PBXFileReference; fileEncoding = 4; lastKnownFileType = sourcecode.c.h; path = wu_collage_advanced.h; sourceTree = "<group>"; };
		94B71F8115E251AF0024DA5C /* wu_collage_professional */ = {isa = PBXFileReference; explicitFileType = "compiled.mach-o.executable"; includeInIndex = 0; path = wu_collage_professional; sourceTree = BUILT_PRODUCTS_DIR; };
		94B71F8515E251AF0024DA5C /* main.cpp */ = {isa = PBXFileReference; lastKnownFileType = sourcecode.cpp.cpp; path = main.cpp; sourceTree = "<group>"; };
		94B71F8715E251AF0024DA5C /* wu_collage_professional.1 */ = {isa = PBXFileReference; lastKnownFileType = text.man; path = wu_collage_professional.1; sourceTree = "<group>"; };
		94B71F8E15E251D50024DA5C /* wu_collage_professional.cpp */ = {isa = PBXFileReference; fileEncoding = 4; lastKnownFileType = sourcecode.cpp.cpp; path = wu_collage_professional.cpp; sourceTree = "<group>"; };
		94B71F8F15E251D50024DA5C /* wu_collage_professional.h */ = {isa = PBXFileReference; fileEncoding = 4; lastKnownFileType = sourcecode.c.h; path = wu_collage_professional.h; sourceTree = "<group>"; };
/* End PBXFileReference section */

/* Begin PBXFrameworksBuildPhase section */
		94B71F7E15E251AF0024DA5C /* Frameworks */ = {
			isa = PBXFrameworksBuildPhase;
			buildActionMask = 2147483647;
			files = (
			);
			runOnlyForDeploymentPostprocessing = 0;
		};
/* End PBXFrameworksBuildPhase section */

/* Begin PBXGroup section */
		94B71F7615E251AF0024DA5C = {
			isa = PBXGroup;
			children = (
				94B71F8415E251AF0024DA5C /* wu_collage_professional */,
				94B71F8215E251AF0024DA5C /* Products */,
			);
			sourceTree = "<group>";
		};
		94B71F8215E251AF0024DA5C /* Products */ = {
			isa = PBXGroup;
			children = (
				94B71F8115E251AF0024DA5C /* wu_collage_professional */,
			);
			name = Products;
			sourceTree = "<group>";
		};
		94B71F8415E251AF0024DA5C /* wu_collage_professional */ = {
			isa = PBXGroup;
			children = (
				94AAD2DE15E3643D0050C2EB /* wu_collage_advanced.cpp */,
				94AAD2DF15E3643D0050C2EB /* wu_collage_advanced.h */,
				94B71F8E15E251D50024DA5C /* wu_collage_professional.cpp */,
				94B71F8F15E251D50024DA5C /* wu_collage_professional.h */,
				94B71F8515E251AF0024DA5C /* main.cpp */,
				94B71F8715E251AF0024DA5C /* wu_collage_professional.1 */,
			);
			path = wu_collage_professional;
			sourceTree = "<group>";
		};
/* End PBXGroup section */

/* Begin PBXNativeTarget section */
		94B71F8015E251AF0024DA5C /* wu_collage_professional */ = {
			isa = PBXNativeTarget;
			buildConfigurationList = 94B71F8B15E251AF0024DA5C /* Build configuration list for PBXNativeTarget "wu_collage_professional" */;
			buildPhases = (
				94B71F7D15E251AF0024DA5C /* Sources */,
				94B71F7E15E251AF0024DA5C /* Frameworks */,
				94B71F7F15E251AF0024DA5C /* CopyFiles */,
			);
			buildRules = (
			);
			dependencies = (
			);
			name = wu_collage_professional;
			productName = wu_collage_professional;
			productReference = 94B71F8115E251AF0024DA5C /* wu_collage_professional */;
			productType = "com.apple.product-type.tool";
		};
/* End PBXNativeTarget section */

/* Begin PBXProject section */
		94B71F7815E251AF0024DA5C /* Project object */ = {
			isa = PBXProject;
			attributes = {
				LastUpgradeCheck = 0440;
				ORGANIZATIONNAME = "Zhipeng Wu";
			};
			buildConfigurationList = 94B71F7B15E251AF0024DA5C /* Build configuration list for PBXProject "wu_collage_professional" */;
			compatibilityVersion = "Xcode 3.2";
			developmentRegion = English;
			hasScannedForEncodings = 0;
			knownRegions = (
				en,
			);
			mainGroup = 94B71F7615E251AF0024DA5C;
			productRefGroup = 94B71F8215E251AF0024DA5C /* Products */;
			projectDirPath = "";
			projectRoot = "";
			targets = (
				94B71F8015E251AF0024DA5C /* wu_collage_professional */,
			);
		};
/* End PBXProject section */

/* Begin PBXSourcesBuildPhase section */
		94B71F7D15E251AF0024DA5C /* Sources */ = {
			isa = PBXSourcesBuildPhase;
			buildActionMask = 2147483647;
			files = (
				94B71F8615E251AF0024DA5C /* main.cpp in Sources */,
				94B71F9015E251D50024DA5C /* wu_collage_professional.cpp in Sources */,
				94AAD2E015E3643D0050C2EB /* wu_collage_advanced.cpp in Sources */,
			);
			runOnlyForDeploymentPostprocessing = 0;
		};
/* End PBXSourcesBuildPhase section */

/* Begin XCBuildConfiguration section */
		94B71F8915E251AF0024DA5C /* Debug */ = {
			isa = XCBuildConfiguration;
			buildSettings = {
				ALWAYS_SEARCH_USER_PATHS = NO;
				ARCHS = "$(ARCHS_STANDARD_64_BIT)";
				CLANG_CXX_LANGUAGE_STANDARD = "gnu++0x";
				CLANG_CXX_LIBRARY = "libstdc++";
				CLANG_ENABLE_OBJC_ARC = YES;
				CLANG_WARN__DUPLICATE_METHOD_MATCH = YES;
				COPY_PHASE_STRIP = NO;
				GCC_C_LANGUAGE_STANDARD = gnu99;
				GCC_DYNAMIC_NO_PIC = NO;
				GCC_ENABLE_OBJC_EXCEPTIONS = YES;
				GCC_OPTIMIZATION_LEVEL = 0;
				GCC_PREPROCESSOR_DEFINITIONS = (
					"DEBUG=1",
					"$(inherited)",
				);
				GCC_SYMBOLS_PRIVATE_EXTERN = NO;
				GCC_WARN_64_TO_32_BIT_CONVERSION = YES;
				GCC_WARN_ABOUT_RETURN_TYPE = YES;
				GCC_WARN_UNINITIALIZED_AUTOS = YES;
				GCC_WARN_UNUSED_VARIABLE = YES;
				MACOSX_DEPLOYMENT_TARGET = 10.8;
				ONLY_ACTIVE_ARCH = YES;
				SDKROOT = macosx;
			};
			name = Debug;
		};
		94B71F8A15E251AF0024DA5C /* Release */ = {
			isa = XCBuildConfiguration;
			buildSettings = {
				ALWAYS_SEARCH_USER_PATHS = NO;
				ARCHS = "$(ARCHS_STANDARD_64_BIT)";
				CLANG_CXX_LANGUAGE_STANDARD = "gnu++0x";
				CLANG_CXX_LIBRARY = "libstdc++";
				CLANG_ENABLE_OBJC_ARC = YES;
				CLANG_WARN__DUPLICATE_METHOD_MATCH = YES;
				COPY_PHASE_STRIP = YES;
				DEBUG_INFORMATION_FORMAT = "dwarf-with-dsym";
				GCC_C_LANGUAGE_STANDARD = gnu99;
				GCC_ENABLE_OBJC_EXCEPTIONS = YES;
				GCC_WARN_64_TO_32_BIT_CONVERSION = YES;
				GCC_WARN_ABOUT_RETURN_TYPE = YES;
				GCC_WARN_UNINITIALIZED_AUTOS = YES;
				GCC_WARN_UNUSED_VARIABLE = YES;
				MACOSX_DEPLOYMENT_TARGET = 10.8;
				SDKROOT = macosx;
			};
			name = Release;
		};
		94B71F8C15E251AF0024DA5C /* Debug */ = {
			isa = XCBuildConfiguration;
			buildSettings = {
				HEADER_SEARCH_PATHS = /usr/local/include;
				LIBRARY_SEARCH_PATHS = /usr/local/lib;
				OTHER_LDFLAGS = (
					"-lopencv_core",
					"-lopencv_highgui",
					"-lopencv_imgproc",
				);
				PRODUCT_NAME = "$(TARGET_NAME)";
			};
			name = Debug;
		};
		94B71F8D15E251AF0024DA5C /* Release */ = {
			isa = XCBuildConfiguration;
			buildSettings = {
				HEADER_SEARCH_PATHS = /usr/local/include;
				LIBRARY_SEARCH_PATHS = /usr/local/lib;
				OTHER_LDFLAGS = (
					"-lopencv_core",
					"-lopencv_highgui",
					"-lopencv_imgproc",
				);
				PRODUCT_NAME = "$(TARGET_NAME)";
			};
			name = Release;
		};
/* End XCBuildConfiguration section */

/* Begin XCConfigurationList section */
		94B71F7B15E251AF0024DA5C /* Build configuration list for PBXProject "wu_collage_professional" */ = {
			isa = XCConfigurationList;
			buildConfigurations = (
				94B71F8915E251AF0024DA5C /* Debug */,
				94B71F8A15E251AF0024DA5C /* Release */,
			);
			defaultConfigurationIsVisible = 0;
			defaultConfigurationName = Release;
		};
		94B71F8B15E251AF0024DA5C /* Build configuration list for PBXNativeTarget "wu_collage_professional" */ = {
			isa = XCConfigurationList;
			buildConfigurations = (
				94B71F8C15E251AF0024DA5C /* Debug */,
				94B71F8D15E251AF0024DA5C /* Release */,
			);
			defaultConfigurationIsVisible = 0;
			defaultConfigurationName = Release;
		};
/* End XCConfigurationList section */
	};
	rootObject = 94B71F7815E251AF0024DA5C /* Project object */;
}
